
Microsoft Visual Studio Solution File, Format Version 12.00
# Visual Studio Version 17
VisualStudioVersion = 17.2.32516.85
MinimumVisualStudioVersion = 10.0.40219.1
Project("{2150E333-8FDC-42A3-9474-1A3956D46DE8}") = "School.Web", "School.Web", "{2F8D6A9B-49B5-4EF2-BA1B-BAF34B55583A}"
EndProject
Project("{2150E333-8FDC-42A3-9474-1A3956D46DE8}") = "Auth", "Auth", "{7EC15C20-5E4B-4C88-AD65-75FF7E3643B5}"
EndProject
Project("{2150E333-8FDC-42A3-9474-1A3956D46DE8}") = "Infrastructure", "Infrastructure", "{8DFBCE2A-017E-402E-80F3-A5A4A78A6102}"
EndProject
Project("{2150E333-8FDC-42A3-9474-1A3956D46DE8}") = "Domain", "Domain", "{35709C18-F6C6-469B-A2A5-E320263AC821}"
EndProject
Project("{2150E333-8FDC-42A3-9474-1A3956D46DE8}") = "API", "API", "{DFBC43B9-26A6-430F-80D2-0EBB385A22DA}"
EndProject
Project("{9A19103F-16F7-4668-BE54-9A1E7A4F7556}") = "School.Domain", "School.Domain\School.Domain.csproj", "{7BBBCBC1-6875-44D3-BAB4-5A81C45E524F}"
EndProject
Project("{9A19103F-16F7-4668-BE54-9A1E7A4F7556}") = "School.Infrastructure", "School.Infrastructure\School.Infrastructure.csproj", "{54708536-0814-4F32-984B-A7701704F7F6}"
EndProject
Project("{9A19103F-16F7-4668-BE54-9A1E7A4F7556}") = "School.API", "School.API\School.API.csproj", "{6813F02A-70B3-4280-99D0-D54D45D0E8F6}"
EndProject
Project("{2150E333-8FDC-42A3-9474-1A3956D46DE8}") = "Web", "Web", "{FF6F3FA4-3234-4836-921E-A29AA34FEF39}"
EndProject
Project("{9A19103F-16F7-4668-BE54-9A1E7A4F7556}") = "School.Web", "School.Web\School.Web.csproj", "{AF7B12D3-B34A-4E88-B9ED-3CA787CC9D7E}"
EndProject
Project("{9A19103F-16F7-4668-BE54-9A1E7A4F7556}") = "School.Auth", "School.Auth\School.Auth.csproj", "{F3232CCC-885F-4ACB-BF33-03E5E2601462}"
EndProject
Global
	GlobalSection(SolutionConfigurationPlatforms) = preSolution
		Debug|Any CPU = Debug|Any CPU
		Release|Any CPU = Release|Any CPU
	EndGlobalSection
	GlobalSection(ProjectConfigurationPlatforms) = postSolution
		{7BBBCBC1-6875-44D3-BAB4-5A81C45E524F}.Debug|Any CPU.ActiveCfg = Debug|Any CPU
		{7BBBCBC1-6875-44D3-BAB4-5A81C45E524F}.Debug|Any CPU.Build.0 = Debug|Any CPU
		{7BBBCBC1-6875-44D3-BAB4-5A81C45E524F}.Release|Any CPU.ActiveCfg = Release|Any CPU
		{7BBBCBC1-6875-44D3-BAB4-5A81C45E524F}.Release|Any CPU.Build.0 = Release|Any CPU
		{54708536-0814-4F32-984B-A7701704F7F6}.Debug|Any CPU.ActiveCfg = Debug|Any CPU
		{54708536-0814-4F32-984B-A7701704F7F6}.Debug|Any CPU.Build.0 = Debug|Any CPU
		{54708536-0814-4F32-984B-A7701704F7F6}.Release|Any CPU.ActiveCfg = Release|Any CPU
		{54708536-0814-4F32-984B-A7701704F7F6}.Release|Any CPU.Build.0 = Release|Any CPU
		{6813F02A-70B3-4280-99D0-D54D45D0E8F6}.Debug|Any CPU.ActiveCfg = Debug|Any CPU
		{6813F02A-70B3-4280-99D0-D54D45D0E8F6}.Debug|Any CPU.Build.0 = Debug|Any CPU
		{6813F02A-70B3-4280-99D0-D54D45D0E8F6}.Release|Any CPU.ActiveCfg = Release|Any CPU
		{6813F02A-70B3-4280-99D0-D54D45D0E8F6}.Release|Any CPU.Build.0 = Release|Any CPU
		{AF7B12D3-B34A-4E88-B9ED-3CA787CC9D7E}.Debug|Any CPU.ActiveCfg = Debug|Any CPU
		{AF7B12D3-B34A-4E88-B9ED-3CA787CC9D7E}.Debug|Any CPU.Build.0 = Debug|Any CPU
		{AF7B12D3-B34A-4E88-B9ED-3CA787CC9D7E}.Release|Any CPU.ActiveCfg = Release|Any CPU
		{AF7B12D3-B34A-4E88-B9ED-3CA787CC9D7E}.Release|Any CPU.Build.0 = Release|Any CPU
		{F3232CCC-885F-4ACB-BF33-03E5E2601462}.Debug|Any CPU.ActiveCfg = Debug|Any CPU
		{F3232CCC-885F-4ACB-BF33-03E5E2601462}.Debug|Any CPU.Build.0 = Debug|Any CPU
		{F3232CCC-885F-4ACB-BF33-03E5E2601462}.Release|Any CPU.ActiveCfg = Release|Any CPU
		{F3232CCC-885F-4ACB-BF33-03E5E2601462}.Release|Any CPU.Build.0 = Release|Any CPU
	EndGlobalSection
	GlobalSection(SolutionProperties) = preSolution
		HideSolutionNode = FALSE
	EndGlobalSection
	GlobalSection(NestedProjects) = preSolution
		{7EC15C20-5E4B-4C88-AD65-75FF7E3643B5} = {2F8D6A9B-49B5-4EF2-BA1B-BAF34B55583A}
		{8DFBCE2A-017E-402E-80F3-A5A4A78A6102} = {2F8D6A9B-49B5-4EF2-BA1B-BAF34B55583A}
		{35709C18-F6C6-469B-A2A5-E320263AC821} = {2F8D6A9B-49B5-4EF2-BA1B-BAF34B55583A}
		{DFBC43B9-26A6-430F-80D2-0EBB385A22DA} = {2F8D6A9B-49B5-4EF2-BA1B-BAF34B55583A}
		{7BBBCBC1-6875-44D3-BAB4-5A81C45E524F} = {35709C18-F6C6-469B-A2A5-E320263AC821}
		{54708536-0814-4F32-984B-A7701704F7F6} = {8DFBCE2A-017E-402E-80F3-A5A4A78A6102}
		{6813F02A-70B3-4280-99D0-D54D45D0E8F6} = {DFBC43B9-26A6-430F-80D2-0EBB385A22DA}
		{FF6F3FA4-3234-4836-921E-A29AA34FEF39} = {2F8D6A9B-49B5-4EF2-BA1B-BAF34B55583A}
		{AF7B12D3-B34A-4E88-B9ED-3CA787CC9D7E} = {FF6F3FA4-3234-4836-921E-A29AA34FEF39}
		{F3232CCC-885F-4ACB-BF33-03E5E2601462} = {7EC15C20-5E4B-4C88-AD65-75FF7E3643B5}
	EndGlobalSection
	GlobalSection(ExtensibilityGlobals) = postSolution
		SolutionGuid = {4BADB7E0-E410-4469-AA81-A5E09E9E3468}
	EndGlobalSection
EndGlobal
